// !$*UTF8*$!
{
	archiveVersion = 1;
	classes = {
	};
	objectVersion = 50;
	objects = {

/* Begin PBXBuildFile section */
		64CD34392577041600081827 /* InstagramRedesignConceptApp.swift in Sources */ = {isa = PBXBuildFile; fileRef = 64CD34382577041600081827 /* InstagramRedesignConceptApp.swift */; };
		64CD343B2577041600081827 /* ContentView.swift in Sources */ = {isa = PBXBuildFile; fileRef = 64CD343A2577041600081827 /* ContentView.swift */; };
		64CD343D2577041900081827 /* Assets.xcassets in Resources */ = {isa = PBXBuildFile; fileRef = 64CD343C2577041900081827 /* Assets.xcassets */; };
		64CD34402577041900081827 /* Preview Assets.xcassets in Resources */ = {isa = PBXBuildFile; fileRef = 64CD343F2577041900081827 /* Preview Assets.xcassets */; };
		64CD344A2577097500081827 /* StoryItemView.swift in Sources */ = {isa = PBXBuildFile; fileRef = 64CD34492577097500081827 /* StoryItemView.swift */; };
		64CD344D25770FAE00081827 /* README.md in Resources */ = {isa = PBXBuildFile; fileRef = 64CD344C25770FAE00081827 /* README.md */; };
		64CD34502578470400081827 /* TabBarShape.swift in Sources */ = {isa = PBXBuildFile; fileRef = 64CD344F2578470400081827 /* TabBarShape.swift */; };
		64CD3458257AF71D00081827 /* ProfileView.swift in Sources */ = {isa = PBXBuildFile; fileRef = 64CD3457257AF71C00081827 /* ProfileView.swift */; };
		64CD345C257B06AA00081827 /* HomeView.swift in Sources */ = {isa = PBXBuildFile; fileRef = 64CD345B257B06AA00081827 /* HomeView.swift */; };
		64CD345F257B06CF00081827 /* TabBarView.swift in Sources */ = {isa = PBXBuildFile; fileRef = 64CD345E257B06CF00081827 /* TabBarView.swift */; };
/* End PBXBuildFile section */

/* Begin PBXFileReference section */
		64CD34352577041600081827 /* InstagramRedesignConcept.app */ = {isa = PBXFileReference; explicitFileType = wrapper.application; includeInIndex = 0; path = InstagramRedesignConcept.app; sourceTree = BUILT_PRODUCTS_DIR; };
		64CD34382577041600081827 /* InstagramRedesignConceptApp.swift */ = {isa = PBXFileReference; lastKnownFileType = sourcecode.swift; path = InstagramRedesignConceptApp.swift; sourceTree = "<group>"; };
		64CD343A2577041600081827 /* ContentView.swift */ = {isa = PBXFileReference; lastKnownFileType = sourcecode.swift; path = ContentView.swift; sourceTree = "<group>"; };
		64CD343C2577041900081827 /* Assets.xcassets */ = {isa = PBXFileReference; lastKnownFileType = folder.assetcatalog; path = Assets.xcassets; sourceTree = "<group>"; };
		64CD343F2577041900081827 /* Preview Assets.xcassets */ = {isa = PBXFileReference; lastKnownFileType = folder.assetcatalog; path = "Preview Assets.xcassets"; sourceTree = "<group>"; };
		64CD34412577041900081827 /* Info.plist */ = {isa = PBXFileReference; lastKnownFileType = text.plist.xml; path = Info.plist; sourceTree = "<group>"; };
		64CD34492577097500081827 /* StoryItemView.swift */ = {isa = PBXFileReference; lastKnownFileType = sourcecode.swift; path = StoryItemView.swift; sourceTree = "<group>"; };
		64CD344C25770FAE00081827 /* README.md */ = {isa = PBXFileReference; lastKnownFileType = net.daringfireball.markdown; path = README.md; sourceTree = "<group>"; };
		64CD344F2578470400081827 /* TabBarShape.swift */ = {isa = PBXFileReference; lastKnownFileType = sourcecode.swift; path = TabBarShape.swift; sourceTree = "<group>"; };
		64CD3457257AF71C00081827 /* ProfileView.swift */ = {isa = PBXFileReference; lastKnownFileType = sourcecode.swift; path = ProfileView.swift; sourceTree = "<group>"; };
		64CD345B257B06AA00081827 /* HomeView.swift */ = {isa = PBXFileReference; lastKnownFileType = sourcecode.swift; path = HomeView.swift; sourceTree = "<group>"; };
		64CD345E257B06CF00081827 /* TabBarView.swift */ = {isa = PBXFileReference; lastKnownFileType = sourcecode.swift; path = TabBarView.swift; sourceTree = "<group>"; };
/* End PBXFileReference section */

/* Begin PBXFrameworksBuildPhase section */
		64CD34322577041600081827 /* Frameworks */ = {
			isa = PBXFrameworksBuildPhase;
			buildActionMask = 2147483647;
			files = (
			);
			runOnlyForDeploymentPostprocessing = 0;
		};
/* End PBXFrameworksBuildPhase section */

/* Begin PBXGroup section */
		64CD342C2577041600081827 = {
			isa = PBXGroup;
			children = (
				64CD344C25770FAE00081827 /* README.md */,
				64CD34372577041600081827 /* InstagramRedesignConcept */,
				64CD34362577041600081827 /* Products */,
			);
			sourceTree = "<group>";
		};
		64CD34362577041600081827 /* Products */ = {
			isa = PBXGroup;
			children = (
				64CD34352577041600081827 /* InstagramRedesignConcept.app */,
			);
			name = Products;
			sourceTree = "<group>";
		};
		64CD34372577041600081827 /* InstagramRedesignConcept */ = {
			isa = PBXGroup;
			children = (
				64CD34492577097500081827 /* StoryItemView.swift */,
				64CD344F2578470400081827 /* TabBarShape.swift */,
				64CD3457257AF71C00081827 /* ProfileView.swift */,
				64CD34382577041600081827 /* InstagramRedesignConceptApp.swift */,
				64CD343A2577041600081827 /* ContentView.swift */,
				64CD345E257B06CF00081827 /* TabBarView.swift */,
				64CD345B257B06AA00081827 /* HomeView.swift */,
				64CD343C2577041900081827 /* Assets.xcassets */,
				64CD34412577041900081827 /* Info.plist */,
				64CD343E2577041900081827 /* Preview Content */,
			);
			path = InstagramRedesignConcept;
			sourceTree = "<group>";
		};
		64CD343E2577041900081827 /* Preview Content */ = {
			isa = PBXGroup;
			children = (
				64CD343F2577041900081827 /* Preview Assets.xcassets */,
			);
			path = "Preview Content";
			sourceTree = "<group>";
		};
/* End PBXGroup section */

/* Begin PBXNativeTarget section */
		64CD34342577041600081827 /* InstagramRedesignConcept */ = {
			isa = PBXNativeTarget;
			buildConfigurationList = 64CD34442577041900081827 /* Build configuration list for PBXNativeTarget "InstagramRedesignConcept" */;
			buildPhases = (
				64CD34312577041600081827 /* Sources */,
				64CD34322577041600081827 /* Frameworks */,
				64CD34332577041600081827 /* Resources */,
			);
			buildRules = (
			);
			dependencies = (
			);
			name = InstagramRedesignConcept;
			productName = InstagramRedesignConcept;
			productReference = 64CD34352577041600081827 /* InstagramRedesignConcept.app */;
			productType = "com.apple.product-type.application";
		};
/* End PBXNativeTarget section */

/* Begin PBXProject section */
		64CD342D2577041600081827 /* Project object */ = {
			isa = PBXProject;
			attributes = {
				LastSwiftUpdateCheck = 1220;
				LastUpgradeCheck = 1220;
				TargetAttributes = {
					64CD34342577041600081827 = {
						CreatedOnToolsVersion = 12.2;
					};
				};
			};
			buildConfigurationList = 64CD34302577041600081827 /* Build configuration list for PBXProject "InstagramRedesignConcept" */;
			compatibilityVersion = "Xcode 9.3";
			developmentRegion = en;
			hasScannedForEncodings = 0;
			knownRegions = (
				en,
				Base,
			);
			mainGroup = 64CD342C2577041600081827;
			productRefGroup = 64CD34362577041600081827 /* Products */;
			projectDirPath = "";
			projectRoot = "";
			targets = (
				64CD34342577041600081827 /* InstagramRedesignConcept */,
			);
		};
/* End PBXProject section */

/* Begin PBXResourcesBuildPhase section */
		64CD34332577041600081827 /* Resources */ = {
			isa = PBXResourcesBuildPhase;
			buildActionMask = 2147483647;
			files = (
				64CD344D25770FAE00081827 /* README.md in Resources */,
				64CD34402577041900081827 /* Preview Assets.xcassets in Resources */,
				64CD343D2577041900081827 /* Assets.xcassets in Resources */,
			);
			runOnlyForDeploymentPostprocessing = 0;
		};
/* End PBXResourcesBuildPhase section */

/* Begin PBXSourcesBuildPhase section */
		64CD34312577041600081827 /* Sources */ = {
			isa = PBXSourcesBuildPhase;
			buildActionMask = 2147483647;
			files = (
				64CD344A2577097500081827 /* StoryItemView.swift in Sources */,
				64CD34502578470400081827 /* TabBarShape.swift in Sources */,
				64CD345F257B06CF00081827 /* TabBarView.swift in Sources */,
				64CD3458257AF71D00081827 /* ProfileView.swift in Sources */,
				64CD345C257B06AA00081827 /* HomeView.swift in Sources */,
				64CD343B2577041600081827 /* ContentView.swift in Sources */,
				64CD34392577041600081827 /* InstagramRedesignConceptApp.swift in Sources */,
			);
			runOnlyForDeploymentPostprocessing = 0;
		};
/* End PBXSourcesBuildPhase section */

/* Begin XCBuildConfiguration section */
		64CD34422577041900081827 /* Debug */ = {
			isa = XCBuildConfiguration;
			buildSettings = {
				ALWAYS_SEARCH_USER_PATHS = NO;
				CLANG_ANALYZER_NONNULL = YES;
				CLANG_ANALYZER_NUMBER_OBJECT_CONVERSION = YES_AGGRESSIVE;
				CLANG_CXX_LANGUAGE_STANDARD = "gnu++14";
				CLANG_CXX_LIBRARY = "libc++";
				CLANG_ENABLE_MODULES = YES;
				CLANG_ENABLE_OBJC_ARC = YES;
				CLANG_ENABLE_OBJC_WEAK = YES;
				CLANG_WARN_BLOCK_CAPTURE_AUTORELEASING = YES;
				CLANG_WARN_BOOL_CONVERSION = YES;
				CLANG_WARN_COMMA = YES;
				CLANG_WARN_CONSTANT_CONVERSION = YES;
				CLANG_WARN_DEPRECATED_OBJC_IMPLEMENTATIONS = YES;
				CLANG_WARN_DIRECT_OBJC_ISA_USAGE = YES_ERROR;
				CLANG_WARN_DOCUMENTATION_COMMENTS = YES;
				CLANG_WARN_EMPTY_BODY = YES;
				CLANG_WARN_ENUM_CONVERSION = YES;
				CLANG_WARN_INFINITE_RECURSION = YES;
				CLANG_WARN_INT_CONVERSION = YES;
				CLANG_WARN_NON_LITERAL_NULL_CONVERSION = YES;
				CLANG_WARN_OBJC_IMPLICIT_RETAIN_SELF = YES;
				CLANG_WARN_OBJC_LITERAL_CONVERSION = YES;
				CLANG_WARN_OBJC_ROOT_CLASS = YES_ERROR;
				CLANG_WARN_QUOTED_INCLUDE_IN_FRAMEWORK_HEADER = YES;
				CLANG_WARN_RANGE_LOOP_ANALYSIS = YES;
				CLANG_WARN_STRICT_PROTOTYPES = YES;
				CLANG_WARN_SUSPICIOUS_MOVE = YES;
				CLANG_WARN_UNGUARDED_AVAILABILITY = YES_AGGRESSIVE;
				CLANG_WARN_UNREACHABLE_CODE = YES;
				CLANG_WARN__DUPLICATE_METHOD_MATCH = YES;
				COPY_PHASE_STRIP = NO;
				DEBUG_INFORMATION_FORMAT = dwarf;
				ENABLE_STRICT_OBJC_MSGSEND = YES;
				ENABLE_TESTABILITY = YES;
				GCC_C_LANGUAGE_STANDARD = gnu11;
				GCC_DYNAMIC_NO_PIC = NO;
				GCC_NO_COMMON_BLOCKS = YES;
				GCC_OPTIMIZATION_LEVEL = 0;
				GCC_PREPROCESSOR_DEFINITIONS = (
					"DEBUG=1",
					"$(inherited)",
				);
				GCC_WARN_64_TO_32_BIT_CONVERSION = YES;
				GCC_WARN_ABOUT_RETURN_TYPE = YES_ERROR;
				GCC_WARN_UNDECLARED_SELECTOR = YES;
				GCC_WARN_UNINITIALIZED_AUTOS = YES_AGGRESSIVE;
				GCC_WARN_UNUSED_FUNCTION = YES;
				GCC_WARN_UNUSED_VARIABLE = YES;
				IPHONEOS_DEPLOYMENT_TARGET = 14.2;
				MTL_ENABLE_DEBUG_INFO = INCLUDE_SOURCE;
				MTL_FAST_MATH = YES;
				ONLY_ACTIVE_ARCH = YES;
				SDKROOT = iphoneos;
				SWIFT_ACTIVE_COMPILATION_CONDITIONS = DEBUG;
				SWIFT_OPTIMIZATION_LEVEL = "-Onone";
			};
			name = Debug;
		};
		64CD34432577041900081827 /* Release */ = {
			isa = XCBuildConfiguration;
			buildSettings = {
				ALWAYS_SEARCH_USER_PATHS = NO;
				CLANG_ANALYZER_NONNULL = YES;
				CLANG_ANALYZER_NUMBER_OBJECT_CONVERSION = YES_AGGRESSIVE;
				CLANG_CXX_LANGUAGE_STANDARD = "gnu++14";
				CLANG_CXX_LIBRARY = "libc++";
				CLANG_ENABLE_MODULES = YES;
				CLANG_ENABLE_OBJC_ARC = YES;
				CLANG_ENABLE_OBJC_WEAK = YES;
				CLANG_WARN_BLOCK_CAPTURE_AUTORELEASING = YES;
				CLANG_WARN_BOOL_CONVERSION = YES;
				CLANG_WARN_COMMA = YES;
				CLANG_WARN_CONSTANT_CONVERSION = YES;
				CLANG_WARN_DEPRECATED_OBJC_IMPLEMENTATIONS = YES;
				CLANG_WARN_DIRECT_OBJC_ISA_USAGE = YES_ERROR;
				CLANG_WARN_DOCUMENTATION_COMMENTS = YES;
				CLANG_WARN_EMPTY_BODY = YES;
				CLANG_WARN_ENUM_CONVERSION = YES;
				CLANG_WARN_INFINITE_RECURSION = YES;
				CLANG_WARN_INT_CONVERSION = YES;
				CLANG_WARN_NON_LITERAL_NULL_CONVERSION = YES;
				CLANG_WARN_OBJC_IMPLICIT_RETAIN_SELF = YES;
				CLANG_WARN_OBJC_LITERAL_CONVERSION = YES;
				CLANG_WARN_OBJC_ROOT_CLASS = YES_ERROR;
				CLANG_WARN_QUOTED_INCLUDE_IN_FRAMEWORK_HEADER = YES;
				CLANG_WARN_RANGE_LOOP_ANALYSIS = YES;
				CLANG_WARN_STRICT_PROTOTYPES = YES;
				CLANG_WARN_SUSPICIOUS_MOVE = YES;
				CLANG_WARN_UNGUARDED_AVAILABILITY = YES_AGGRESSIVE;
				CLANG_WARN_UNREACHABLE_CODE = YES;
				CLANG_WARN__DUPLICATE_METHOD_MATCH = YES;
				COPY_PHASE_STRIP = NO;
				DEBUG_INFORMATION_FORMAT = "dwarf-with-dsym";
				ENABLE_NS_ASSERTIONS = NO;
				ENABLE_STRICT_OBJC_MSGSEND = YES;
				GCC_C_LANGUAGE_STANDARD = gnu11;
				GCC_NO_COMMON_BLOCKS = YES;
				GCC_WARN_64_TO_32_BIT_CONVERSION = YES;
				GCC_WARN_ABOUT_RETURN_TYPE = YES_ERROR;
				GCC_WARN_UNDECLARED_SELECTOR = YES;
				GCC_WARN_UNINITIALIZED_AUTOS = YES_AGGRESSIVE;
				GCC_WARN_UNUSED_FUNCTION = YES;
				GCC_WARN_UNUSED_VARIABLE = YES;
				IPHONEOS_DEPLOYMENT_TARGET = 14.2;
				MTL_ENABLE_DEBUG_INFO = NO;
				MTL_FAST_MATH = YES;
				SDKROOT = iphoneos;
				SWIFT_COMPILATION_MODE = wholemodule;
				SWIFT_OPTIMIZATION_LEVEL = "-O";
				VALIDATE_PRODUCT = YES;
			};
			name = Release;
		};
		64CD34452577041900081827 /* Debug */ = {
			isa = XCBuildConfiguration;
			buildSettings = {
				ASSETCATALOG_COMPILER_APPICON_NAME = AppIcon;
				ASSETCATALOG_COMPILER_GLOBAL_ACCENT_COLOR_NAME = AccentColor;
				CODE_SIGN_STYLE = Automatic;
				DEVELOPMENT_ASSET_PATHS = "\"InstagramRedesignConcept/Preview Content\"";
				ENABLE_PREVIEWS = YES;
				INFOPLIST_FILE = InstagramRedesignConcept/Info.plist;
				IPHONEOS_DEPLOYMENT_TARGET = 14.0;
				LD_RUNPATH_SEARCH_PATHS = (
					"$(inherited)",
					"@executable_path/Frameworks",
				);
				PRODUCT_BUNDLE_IDENTIFIER = io.github.rphlfc.InstagramRedesignConcept;
				PRODUCT_NAME = "$(TARGET_NAME)";
				SWIFT_VERSION = 5.0;
				TARGETED_DEVICE_FAMILY = "1,2";
			};
			name = Debug;
		};
		64CD34462577041900081827 /* Release */ = {
			isa = XCBuildConfiguration;
			buildSettings = {
				ASSETCATALOG_COMPILER_APPICON_NAME = AppIcon;
				ASSETCATALOG_COMPILER_GLOBAL_ACCENT_COLOR_NAME = AccentColor;
				CODE_SIGN_STYLE = Automatic;
				DEVELOPMENT_ASSET_PATHS = "\"InstagramRedesignConcept/Preview Content\"";
				ENABLE_PREVIEWS = YES;
				INFOPLIST_FILE = InstagramRedesignConcept/Info.plist;
				IPHONEOS_DEPLOYMENT_TARGET = 14.0;
				LD_RUNPATH_SEARCH_PATHS = (
					"$(inherited)",
					"@executable_path/Frameworks",
				);
				PRODUCT_BUNDLE_IDENTIFIER = io.github.rphlfc.InstagramRedesignConcept;
				PRODUCT_NAME = "$(TARGET_NAME)";
				SWIFT_VERSION = 5.0;
				TARGETED_DEVICE_FAMILY = "1,2";
			};
			name = Release;
		};
/* End XCBuildConfiguration section */

/* Begin XCConfigurationList section */
		64CD34302577041600081827 /* Build configuration list for PBXProject "InstagramRedesignConcept" */ = {
			isa = XCConfigurationList;
			buildConfigurations = (
				64CD34422577041900081827 /* Debug */,
				64CD34432577041900081827 /* Release */,
			);
			defaultConfigurationIsVisible = 0;
			defaultConfigurationName = Release;
		};
		64CD34442577041900081827 /* Build configuration list for PBXNativeTarget "InstagramRedesignConcept" */ = {
			isa = XCConfigurationList;
			buildConfigurations = (
				64CD34452577041900081827 /* Debug */,
				64CD34462577041900081827 /* Release */,
			);
			defaultConfigurationIsVisible = 0;
			defaultConfigurationName = Release;
		};
/* End XCConfigurationList section */
	};
	rootObject = 64CD342D2577041600081827 /* Project object */;
}
